# @generated by Move, please check-in and do not edit manually.

[move]
version = 2
manifest_digest = "9C661030A3D9E57093DA1A0FAC51CDD1328E3E75673B4FC405BA7BB1FFA042B9"
deps_digest = "3C4103934B1E040BB6B23F1D610B4EF9F2F1166A50A104EADCF77467C004C600"
dependencies = [
  { name = "Sui" },
  { name = "simple_weather_oracle" },
]

[[move.package]]
name = "MoveStdlib"
source = { git = "https://github.com/MystenLabs/sui.git", rev = "framework/testnet", subdir = "crates/sui-framework/packages/move-stdlib" }

[[move.package]]
name = "Sui"
source = { git = "https://github.com/MystenLabs/sui.git", rev = "framework/testnet", subdir = "crates/sui-framework/packages/sui-framework" }

dependencies = [
  { name = "MoveStdlib" },
]

[[move.package]]
name = "simple_weather_oracle"
source = { git = "https://github.com/bityoume/move-cookbook_rzexin.git", rev = "main", subdir = "src/04_random/codes/simple_weather_oracle" }

dependencies = [
  { name = "Sui" },
]

[move.toolchain-version]
compiler-version = "1.32.0"
edition = "2024.beta"
flavor = "sui"

[env]

[env.testnet]
chain-id = "4c78adac"
original-published-id = "0xf023a2832843d1d983fd91a25bdb36f43d45d0728bfc2df9c26c655e58ca09e2"
latest-published-id = "0xf023a2832843d1d983fd91a25bdb36f43d45d0728bfc2df9c26c655e58ca09e2"
published-version = "1"

[env.devnet]
chain-id = "6b9b3fe9"
original-published-id = "0xa8d1cd2bed6b05e583b0aed2228d939cc1b0cb723b5e114d9765fe331f5ffcca"
latest-published-id = "0xa8d1cd2bed6b05e583b0aed2228d939cc1b0cb723b5e114d9765fe331f5ffcca"
published-version = "1"
